
Microsoft Visual Studio Solution File, Format Version 12.00
# Visual Studio Version 17
VisualStudioVersion = 17.10.35013.160
MinimumVisualStudioVersion = 10.0.40219.1
Project("{FAE04EC0-301F-11D3-BF4B-00C04F79EFBC}") = "Task0509", "Task0509\Task0509.csproj", "{D7D9B703-1E4D-4D32-A1DF-A117BE442CE3}"
EndProject
Global
	GlobalSection(SolutionConfigurationPlatforms) = preSolution
		Debug|Any CPU = Debug|Any CPU
		Release|Any CPU = Release|Any CPU
	EndGlobalSection
	GlobalSection(ProjectConfigurationPlatforms) = postSolution
		{D7D9B703-1E4D-4D32-A1DF-A117BE442CE3}.Debug|Any CPU.ActiveCfg = Debug|Any CPU
		{D7D9B703-1E4D-4D32-A1DF-A117BE442CE3}.Debug|Any CPU.Build.0 = Debug|Any CPU
		{D7D9B703-1E4D-4D32-A1DF-A117BE442CE3}.Release|Any CPU.ActiveCfg = Release|Any CPU
		{D7D9B703-1E4D-4D32-A1DF-A117BE442CE3}.Release|Any CPU.Build.0 = Release|Any CPU
	EndGlobalSection
	GlobalSection(SolutionProperties) = preSolution
		HideSolutionNode = FALSE
	EndGlobalSection
	GlobalSection(ExtensibilityGlobals) = postSolution
		SolutionGuid = {F2E5C886-6E69-42DE-B770-E7395044F56A}
	EndGlobalSection
EndGlobal
